// !$*UTF8*$!
{
	archiveVersion = 1;
	classes = {
	};
	objectVersion = 50;
	objects = {

/* Begin PBXBuildFile section */
		443B42602498058A0058EAB2 /* AppDelegate.swift in Sources */ = {isa = PBXBuildFile; fileRef = 443B425F2498058A0058EAB2 /* AppDelegate.swift */; };
		443B42622498058A0058EAB2 /* SceneDelegate.swift in Sources */ = {isa = PBXBuildFile; fileRef = 443B42612498058A0058EAB2 /* SceneDelegate.swift */; };
		443B42642498058A0058EAB2 /* ViewController.swift in Sources */ = {isa = PBXBuildFile; fileRef = 443B42632498058A0058EAB2 /* ViewController.swift */; };
		443B42672498058A0058EAB2 /* Main.storyboard in Resources */ = {isa = PBXBuildFile; fileRef = 443B42652498058A0058EAB2 /* Main.storyboard */; };
		443B4269249805940058EAB2 /* Assets.xcassets in Resources */ = {isa = PBXBuildFile; fileRef = 443B4268249805940058EAB2 /* Assets.xcassets */; };
		443B426C249805940058EAB2 /* LaunchScreen.storyboard in Resources */ = {isa = PBXBuildFile; fileRef = 443B426A249805940058EAB2 /* LaunchScreen.storyboard */; };
		443B4277249805940058EAB2 /* QokkyForStoreTests.swift in Sources */ = {isa = PBXBuildFile; fileRef = 443B4276249805940058EAB2 /* QokkyForStoreTests.swift */; };
		443B4282249805940058EAB2 /* QokkyForStoreUITests.swift in Sources */ = {isa = PBXBuildFile; fileRef = 443B4281249805940058EAB2 /* QokkyForStoreUITests.swift */; };
/* End PBXBuildFile section */

/* Begin PBXContainerItemProxy section */
		443B4273249805940058EAB2 /* PBXContainerItemProxy */ = {
			isa = PBXContainerItemProxy;
			containerPortal = 443B42542498058A0058EAB2 /* Project object */;
			proxyType = 1;
			remoteGlobalIDString = 443B425B2498058A0058EAB2;
			remoteInfo = QokkyForStore;
		};
		443B427E249805940058EAB2 /* PBXContainerItemProxy */ = {
			isa = PBXContainerItemProxy;
			containerPortal = 443B42542498058A0058EAB2 /* Project object */;
			proxyType = 1;
			remoteGlobalIDString = 443B425B2498058A0058EAB2;
			remoteInfo = QokkyForStore;
		};
/* End PBXContainerItemProxy section */

/* Begin PBXFileReference section */
		443B425C2498058A0058EAB2 /* QokkyForStore.app */ = {isa = PBXFileReference; explicitFileType = wrapper.application; includeInIndex = 0; path = QokkyForStore.app; sourceTree = BUILT_PRODUCTS_DIR; };
		443B425F2498058A0058EAB2 /* AppDelegate.swift */ = {isa = PBXFileReference; lastKnownFileType = sourcecode.swift; path = AppDelegate.swift; sourceTree = "<group>"; };
		443B42612498058A0058EAB2 /* SceneDelegate.swift */ = {isa = PBXFileReference; lastKnownFileType = sourcecode.swift; path = SceneDelegate.swift; sourceTree = "<group>"; };
		443B42632498058A0058EAB2 /* ViewController.swift */ = {isa = PBXFileReference; lastKnownFileType = sourcecode.swift; path = ViewController.swift; sourceTree = "<group>"; };
		443B42662498058A0058EAB2 /* Base */ = {isa = PBXFileReference; lastKnownFileType = file.storyboard; name = Base; path = Base.lproj/Main.storyboard; sourceTree = "<group>"; };
		443B4268249805940058EAB2 /* Assets.xcassets */ = {isa = PBXFileReference; lastKnownFileType = folder.assetcatalog; path = Assets.xcassets; sourceTree = "<group>"; };
		443B426B249805940058EAB2 /* Base */ = {isa = PBXFileReference; lastKnownFileType = file.storyboard; name = Base; path = Base.lproj/LaunchScreen.storyboard; sourceTree = "<group>"; };
		443B426D249805940058EAB2 /* Info.plist */ = {isa = PBXFileReference; lastKnownFileType = text.plist.xml; path = Info.plist; sourceTree = "<group>"; };
		443B4272249805940058EAB2 /* QokkyForStoreTests.xctest */ = {isa = PBXFileReference; explicitFileType = wrapper.cfbundle; includeInIndex = 0; path = QokkyForStoreTests.xctest; sourceTree = BUILT_PRODUCTS_DIR; };
		443B4276249805940058EAB2 /* QokkyForStoreTests.swift */ = {isa = PBXFileReference; lastKnownFileType = sourcecode.swift; path = QokkyForStoreTests.swift; sourceTree = "<group>"; };
		443B4278249805940058EAB2 /* Info.plist */ = {isa = PBXFileReference; lastKnownFileType = text.plist.xml; path = Info.plist; sourceTree = "<group>"; };
		443B427D249805940058EAB2 /* QokkyForStoreUITests.xctest */ = {isa = PBXFileReference; explicitFileType = wrapper.cfbundle; includeInIndex = 0; path = QokkyForStoreUITests.xctest; sourceTree = BUILT_PRODUCTS_DIR; };
		443B4281249805940058EAB2 /* QokkyForStoreUITests.swift */ = {isa = PBXFileReference; lastKnownFileType = sourcecode.swift; path = QokkyForStoreUITests.swift; sourceTree = "<group>"; };
		443B4283249805940058EAB2 /* Info.plist */ = {isa = PBXFileReference; lastKnownFileType = text.plist.xml; path = Info.plist; sourceTree = "<group>"; };
/* End PBXFileReference section */

/* Begin PBXFrameworksBuildPhase section */
		443B42592498058A0058EAB2 /* Frameworks */ = {
			isa = PBXFrameworksBuildPhase;
			buildActionMask = 2147483647;
			files = (
			);
			runOnlyForDeploymentPostprocessing = 0;
		};
		443B426F249805940058EAB2 /* Frameworks */ = {
			isa = PBXFrameworksBuildPhase;
			buildActionMask = 2147483647;
			files = (
			);
			runOnlyForDeploymentPostprocessing = 0;
		};
		443B427A249805940058EAB2 /* Frameworks */ = {
			isa = PBXFrameworksBuildPhase;
			buildActionMask = 2147483647;
			files = (
			);
			runOnlyForDeploymentPostprocessing = 0;
		};
/* End PBXFrameworksBuildPhase section */

/* Begin PBXGroup section */
		443B42532498058A0058EAB2 = {
			isa = PBXGroup;
			children = (
				443B425E2498058A0058EAB2 /* QokkyForStore */,
				443B4275249805940058EAB2 /* QokkyForStoreTests */,
				443B4280249805940058EAB2 /* QokkyForStoreUITests */,
				443B425D2498058A0058EAB2 /* Products */,
			);
			sourceTree = "<group>";
		};
		443B425D2498058A0058EAB2 /* Products */ = {
			isa = PBXGroup;
			children = (
				443B425C2498058A0058EAB2 /* QokkyForStore.app */,
				443B4272249805940058EAB2 /* QokkyForStoreTests.xctest */,
				443B427D249805940058EAB2 /* QokkyForStoreUITests.xctest */,
			);
			name = Products;
			sourceTree = "<group>";
		};
		443B425E2498058A0058EAB2 /* QokkyForStore */ = {
			isa = PBXGroup;
			children = (
				443B425F2498058A0058EAB2 /* AppDelegate.swift */,
				443B42612498058A0058EAB2 /* SceneDelegate.swift */,
				443B42632498058A0058EAB2 /* ViewController.swift */,
				443B42652498058A0058EAB2 /* Main.storyboard */,
				443B4268249805940058EAB2 /* Assets.xcassets */,
				443B426A249805940058EAB2 /* LaunchScreen.storyboard */,
				443B426D249805940058EAB2 /* Info.plist */,
			);
			path = QokkyForStore;
			sourceTree = "<group>";
		};
		443B4275249805940058EAB2 /* QokkyForStoreTests */ = {
			isa = PBXGroup;
			children = (
				443B4276249805940058EAB2 /* QokkyForStoreTests.swift */,
				443B4278249805940058EAB2 /* Info.plist */,
			);
			path = QokkyForStoreTests;
			sourceTree = "<group>";
		};
		443B4280249805940058EAB2 /* QokkyForStoreUITests */ = {
			isa = PBXGroup;
			children = (
				443B4281249805940058EAB2 /* QokkyForStoreUITests.swift */,
				443B4283249805940058EAB2 /* Info.plist */,
			);
			path = QokkyForStoreUITests;
			sourceTree = "<group>";
		};
/* End PBXGroup section */

/* Begin PBXNativeTarget section */
		443B425B2498058A0058EAB2 /* QokkyForStore */ = {
			isa = PBXNativeTarget;
			buildConfigurationList = 443B4286249805940058EAB2 /* Build configuration list for PBXNativeTarget "QokkyForStore" */;
			buildPhases = (
				443B42582498058A0058EAB2 /* Sources */,
				443B42592498058A0058EAB2 /* Frameworks */,
				443B425A2498058A0058EAB2 /* Resources */,
			);
			buildRules = (
			);
			dependencies = (
			);
			name = QokkyForStore;
			productName = QokkyForStore;
			productReference = 443B425C2498058A0058EAB2 /* QokkyForStore.app */;
			productType = "com.apple.product-type.application";
		};
		443B4271249805940058EAB2 /* QokkyForStoreTests */ = {
			isa = PBXNativeTarget;
			buildConfigurationList = 443B4289249805940058EAB2 /* Build configuration list for PBXNativeTarget "QokkyForStoreTests" */;
			buildPhases = (
				443B426E249805940058EAB2 /* Sources */,
				443B426F249805940058EAB2 /* Frameworks */,
				443B4270249805940058EAB2 /* Resources */,
			);
			buildRules = (
			);
			dependencies = (
				443B4274249805940058EAB2 /* PBXTargetDependency */,
			);
			name = QokkyForStoreTests;
			productName = QokkyForStoreTests;
			productReference = 443B4272249805940058EAB2 /* QokkyForStoreTests.xctest */;
			productType = "com.apple.product-type.bundle.unit-test";
		};
		443B427C249805940058EAB2 /* QokkyForStoreUITests */ = {
			isa = PBXNativeTarget;
			buildConfigurationList = 443B428C249805940058EAB2 /* Build configuration list for PBXNativeTarget "QokkyForStoreUITests" */;
			buildPhases = (
				443B4279249805940058EAB2 /* Sources */,
				443B427A249805940058EAB2 /* Frameworks */,
				443B427B249805940058EAB2 /* Resources */,
			);
			buildRules = (
			);
			dependencies = (
				443B427F249805940058EAB2 /* PBXTargetDependency */,
			);
			name = QokkyForStoreUITests;
			productName = QokkyForStoreUITests;
			productReference = 443B427D249805940058EAB2 /* QokkyForStoreUITests.xctest */;
			productType = "com.apple.product-type.bundle.ui-testing";
		};
/* End PBXNativeTarget section */

/* Begin PBXProject section */
		443B42542498058A0058EAB2 /* Project object */ = {
			isa = PBXProject;
			attributes = {
				LastSwiftUpdateCheck = 1140;
				LastUpgradeCheck = 1140;
				ORGANIZATIONNAME = "Phongsakorn Srikate";
				TargetAttributes = {
					443B425B2498058A0058EAB2 = {
						CreatedOnToolsVersion = 11.4;
					};
					443B4271249805940058EAB2 = {
						CreatedOnToolsVersion = 11.4;
						TestTargetID = 443B425B2498058A0058EAB2;
					};
					443B427C249805940058EAB2 = {
						CreatedOnToolsVersion = 11.4;
						TestTargetID = 443B425B2498058A0058EAB2;
					};
				};
			};
			buildConfigurationList = 443B42572498058A0058EAB2 /* Build configuration list for PBXProject "QokkyForStore" */;
			compatibilityVersion = "Xcode 9.3";
			developmentRegion = en;
			hasScannedForEncodings = 0;
			knownRegions = (
				en,
				Base,
			);
			mainGroup = 443B42532498058A0058EAB2;
			productRefGroup = 443B425D2498058A0058EAB2 /* Products */;
			projectDirPath = "";
			projectRoot = "";
			targets = (
				443B425B2498058A0058EAB2 /* QokkyForStore */,
				443B4271249805940058EAB2 /* QokkyForStoreTests */,
				443B427C249805940058EAB2 /* QokkyForStoreUITests */,
			);
		};
/* End PBXProject section */

/* Begin PBXResourcesBuildPhase section */
		443B425A2498058A0058EAB2 /* Resources */ = {
			isa = PBXResourcesBuildPhase;
			buildActionMask = 2147483647;
			files = (
				443B426C249805940058EAB2 /* LaunchScreen.storyboard in Resources */,
				443B4269249805940058EAB2 /* Assets.xcassets in Resources */,
				443B42672498058A0058EAB2 /* Main.storyboard in Resources */,
			);
			runOnlyForDeploymentPostprocessing = 0;
		};
		443B4270249805940058EAB2 /* Resources */ = {
			isa = PBXResourcesBuildPhase;
			buildActionMask = 2147483647;
			files = (
			);
			runOnlyForDeploymentPostprocessing = 0;
		};
		443B427B249805940058EAB2 /* Resources */ = {
			isa = PBXResourcesBuildPhase;
			buildActionMask = 2147483647;
			files = (
			);
			runOnlyForDeploymentPostprocessing = 0;
		};
/* End PBXResourcesBuildPhase section */

/* Begin PBXSourcesBuildPhase section */
		443B42582498058A0058EAB2 /* Sources */ = {
			isa = PBXSourcesBuildPhase;
			buildActionMask = 2147483647;
			files = (
				443B42642498058A0058EAB2 /* ViewController.swift in Sources */,
				443B42602498058A0058EAB2 /* AppDelegate.swift in Sources */,
				443B42622498058A0058EAB2 /* SceneDelegate.swift in Sources */,
			);
			runOnlyForDeploymentPostprocessing = 0;
		};
		443B426E249805940058EAB2 /* Sources */ = {
			isa = PBXSourcesBuildPhase;
			buildActionMask = 2147483647;
			files = (
				443B4277249805940058EAB2 /* QokkyForStoreTests.swift in Sources */,
			);
			runOnlyForDeploymentPostprocessing = 0;
		};
		443B4279249805940058EAB2 /* Sources */ = {
			isa = PBXSourcesBuildPhase;
			buildActionMask = 2147483647;
			files = (
				443B4282249805940058EAB2 /* QokkyForStoreUITests.swift in Sources */,
			);
			runOnlyForDeploymentPostprocessing = 0;
		};
/* End PBXSourcesBuildPhase section */

/* Begin PBXTargetDependency section */
		443B4274249805940058EAB2 /* PBXTargetDependency */ = {
			isa = PBXTargetDependency;
			target = 443B425B2498058A0058EAB2 /* QokkyForStore */;
			targetProxy = 443B4273249805940058EAB2 /* PBXContainerItemProxy */;
		};
		443B427F249805940058EAB2 /* PBXTargetDependency */ = {
			isa = PBXTargetDependency;
			target = 443B425B2498058A0058EAB2 /* QokkyForStore */;
			targetProxy = 443B427E249805940058EAB2 /* PBXContainerItemProxy */;
		};
/* End PBXTargetDependency section */

/* Begin PBXVariantGroup section */
		443B42652498058A0058EAB2 /* Main.storyboard */ = {
			isa = PBXVariantGroup;
			children = (
				443B42662498058A0058EAB2 /* Base */,
			);
			name = Main.storyboard;
			sourceTree = "<group>";
		};
		443B426A249805940058EAB2 /* LaunchScreen.storyboard */ = {
			isa = PBXVariantGroup;
			children = (
				443B426B249805940058EAB2 /* Base */,
			);
			name = LaunchScreen.storyboard;
			sourceTree = "<group>";
		};
/* End PBXVariantGroup section */

/* Begin XCBuildConfiguration section */
		443B4284249805940058EAB2 /* Debug */ = {
			isa = XCBuildConfiguration;
			buildSettings = {
				ALWAYS_SEARCH_USER_PATHS = NO;
				CLANG_ANALYZER_NONNULL = YES;
				CLANG_ANALYZER_NUMBER_OBJECT_CONVERSION = YES_AGGRESSIVE;
				CLANG_CXX_LANGUAGE_STANDARD = "gnu++14";
				CLANG_CXX_LIBRARY = "libc++";
				CLANG_ENABLE_MODULES = YES;
				CLANG_ENABLE_OBJC_ARC = YES;
				CLANG_ENABLE_OBJC_WEAK = YES;
				CLANG_WARN_BLOCK_CAPTURE_AUTORELEASING = YES;
				CLANG_WARN_BOOL_CONVERSION = YES;
				CLANG_WARN_COMMA = YES;
				CLANG_WARN_CONSTANT_CONVERSION = YES;
				CLANG_WARN_DEPRECATED_OBJC_IMPLEMENTATIONS = YES;
				CLANG_WARN_DIRECT_OBJC_ISA_USAGE = YES_ERROR;
				CLANG_WARN_DOCUMENTATION_COMMENTS = YES;
				CLANG_WARN_EMPTY_BODY = YES;
				CLANG_WARN_ENUM_CONVERSION = YES;
				CLANG_WARN_INFINITE_RECURSION = YES;
				CLANG_WARN_INT_CONVERSION = YES;
				CLANG_WARN_NON_LITERAL_NULL_CONVERSION = YES;
				CLANG_WARN_OBJC_IMPLICIT_RETAIN_SELF = YES;
				CLANG_WARN_OBJC_LITERAL_CONVERSION = YES;
				CLANG_WARN_OBJC_ROOT_CLASS = YES_ERROR;
				CLANG_WARN_RANGE_LOOP_ANALYSIS = YES;
				CLANG_WARN_STRICT_PROTOTYPES = YES;
				CLANG_WARN_SUSPICIOUS_MOVE = YES;
				CLANG_WARN_UNGUARDED_AVAILABILITY = YES_AGGRESSIVE;
				CLANG_WARN_UNREACHABLE_CODE = YES;
				CLANG_WARN__DUPLICATE_METHOD_MATCH = YES;
				COPY_PHASE_STRIP = NO;
				DEBUG_INFORMATION_FORMAT = dwarf;
				ENABLE_STRICT_OBJC_MSGSEND = YES;
				ENABLE_TESTABILITY = YES;
				GCC_C_LANGUAGE_STANDARD = gnu11;
				GCC_DYNAMIC_NO_PIC = NO;
				GCC_NO_COMMON_BLOCKS = YES;
				GCC_OPTIMIZATION_LEVEL = 0;
				GCC_PREPROCESSOR_DEFINITIONS = (
					"DEBUG=1",
					"$(inherited)",
				);
				GCC_WARN_64_TO_32_BIT_CONVERSION = YES;
				GCC_WARN_ABOUT_RETURN_TYPE = YES_ERROR;
				GCC_WARN_UNDECLARED_SELECTOR = YES;
				GCC_WARN_UNINITIALIZED_AUTOS = YES_AGGRESSIVE;
				GCC_WARN_UNUSED_FUNCTION = YES;
				GCC_WARN_UNUSED_VARIABLE = YES;
				IPHONEOS_DEPLOYMENT_TARGET = 13.4;
				MTL_ENABLE_DEBUG_INFO = INCLUDE_SOURCE;
				MTL_FAST_MATH = YES;
				ONLY_ACTIVE_ARCH = YES;
				SDKROOT = iphoneos;
				SWIFT_ACTIVE_COMPILATION_CONDITIONS = DEBUG;
				SWIFT_OPTIMIZATION_LEVEL = "-Onone";
			};
			name = Debug;
		};
		443B4285249805940058EAB2 /* Release */ = {
			isa = XCBuildConfiguration;
			buildSettings = {
				ALWAYS_SEARCH_USER_PATHS = NO;
				CLANG_ANALYZER_NONNULL = YES;
				CLANG_ANALYZER_NUMBER_OBJECT_CONVERSION = YES_AGGRESSIVE;
				CLANG_CXX_LANGUAGE_STANDARD = "gnu++14";
				CLANG_CXX_LIBRARY = "libc++";
				CLANG_ENABLE_MODULES = YES;
				CLANG_ENABLE_OBJC_ARC = YES;
				CLANG_ENABLE_OBJC_WEAK = YES;
				CLANG_WARN_BLOCK_CAPTURE_AUTORELEASING = YES;
				CLANG_WARN_BOOL_CONVERSION = YES;
				CLANG_WARN_COMMA = YES;
				CLANG_WARN_CONSTANT_CONVERSION = YES;
				CLANG_WARN_DEPRECATED_OBJC_IMPLEMENTATIONS = YES;
				CLANG_WARN_DIRECT_OBJC_ISA_USAGE = YES_ERROR;
				CLANG_WARN_DOCUMENTATION_COMMENTS = YES;
				CLANG_WARN_EMPTY_BODY = YES;
				CLANG_WARN_ENUM_CONVERSION = YES;
				CLANG_WARN_INFINITE_RECURSION = YES;
				CLANG_WARN_INT_CONVERSION = YES;
				CLANG_WARN_NON_LITERAL_NULL_CONVERSION = YES;
				CLANG_WARN_OBJC_IMPLICIT_RETAIN_SELF = YES;
				CLANG_WARN_OBJC_LITERAL_CONVERSION = YES;
				CLANG_WARN_OBJC_ROOT_CLASS = YES_ERROR;
				CLANG_WARN_RANGE_LOOP_ANALYSIS = YES;
				CLANG_WARN_STRICT_PROTOTYPES = YES;
				CLANG_WARN_SUSPICIOUS_MOVE = YES;
				CLANG_WARN_UNGUARDED_AVAILABILITY = YES_AGGRESSIVE;
				CLANG_WARN_UNREACHABLE_CODE = YES;
				CLANG_WARN__DUPLICATE_METHOD_MATCH = YES;
				COPY_PHASE_STRIP = NO;
				DEBUG_INFORMATION_FORMAT = "dwarf-with-dsym";
				ENABLE_NS_ASSERTIONS = NO;
				ENABLE_STRICT_OBJC_MSGSEND = YES;
				GCC_C_LANGUAGE_STANDARD = gnu11;
				GCC_NO_COMMON_BLOCKS = YES;
				GCC_WARN_64_TO_32_BIT_CONVERSION = YES;
				GCC_WARN_ABOUT_RETURN_TYPE = YES_ERROR;
				GCC_WARN_UNDECLARED_SELECTOR = YES;
				GCC_WARN_UNINITIALIZED_AUTOS = YES_AGGRESSIVE;
				GCC_WARN_UNUSED_FUNCTION = YES;
				GCC_WARN_UNUSED_VARIABLE = YES;
				IPHONEOS_DEPLOYMENT_TARGET = 13.4;
				MTL_ENABLE_DEBUG_INFO = NO;
				MTL_FAST_MATH = YES;
				SDKROOT = iphoneos;
				SWIFT_COMPILATION_MODE = wholemodule;
				SWIFT_OPTIMIZATION_LEVEL = "-O";
				VALIDATE_PRODUCT = YES;
			};
			name = Release;
		};
		443B4287249805940058EAB2 /* Debug */ = {
			isa = XCBuildConfiguration;
			buildSettings = {
				ASSETCATALOG_COMPILER_APPICON_NAME = AppIcon;
				CODE_SIGN_STYLE = Automatic;
				DEVELOPMENT_TEAM = 8T2R3GP4S9;
				INFOPLIST_FILE = QokkyForStore/Info.plist;
				LD_RUNPATH_SEARCH_PATHS = (
					"$(inherited)",
					"@executable_path/Frameworks",
				);
				PRODUCT_BUNDLE_IDENTIFIER = QokkyForStoreMedia.Com.QokkyForStore;
				PRODUCT_NAME = "$(TARGET_NAME)";
				SWIFT_VERSION = 5.0;
				TARGETED_DEVICE_FAMILY = "1,2";
			};
			name = Debug;
		};
		443B4288249805940058EAB2 /* Release */ = {
			isa = XCBuildConfiguration;
			buildSettings = {
				ASSETCATALOG_COMPILER_APPICON_NAME = AppIcon;
				CODE_SIGN_STYLE = Automatic;
				DEVELOPMENT_TEAM = 8T2R3GP4S9;
				INFOPLIST_FILE = QokkyForStore/Info.plist;
				LD_RUNPATH_SEARCH_PATHS = (
					"$(inherited)",
					"@executable_path/Frameworks",
				);
				PRODUCT_BUNDLE_IDENTIFIER = QokkyForStoreMedia.Com.QokkyForStore;
				PRODUCT_NAME = "$(TARGET_NAME)";
				SWIFT_VERSION = 5.0;
				TARGETED_DEVICE_FAMILY = "1,2";
			};
			name = Release;
		};
		443B428A249805940058EAB2 /* Debug */ = {
			isa = XCBuildConfiguration;
			buildSettings = {
				ALWAYS_EMBED_SWIFT_STANDARD_LIBRARIES = YES;
				BUNDLE_LOADER = "$(TEST_HOST)";
				CODE_SIGN_STYLE = Automatic;
				DEVELOPMENT_TEAM = 8T2R3GP4S9;
				INFOPLIST_FILE = QokkyForStoreTests/Info.plist;
				IPHONEOS_DEPLOYMENT_TARGET = 13.4;
				LD_RUNPATH_SEARCH_PATHS = (
					"$(inherited)",
					"@executable_path/Frameworks",
					"@loader_path/Frameworks",
				);
				PRODUCT_BUNDLE_IDENTIFIER = QokkyForStoreMedia.Com.QokkyForStoreTests;
				PRODUCT_NAME = "$(TARGET_NAME)";
				SWIFT_VERSION = 5.0;
				TARGETED_DEVICE_FAMILY = "1,2";
				TEST_HOST = "$(BUILT_PRODUCTS_DIR)/QokkyForStore.app/QokkyForStore";
			};
			name = Debug;
		};
		443B428B249805940058EAB2 /* Release */ = {
			isa = XCBuildConfiguration;
			buildSettings = {
				ALWAYS_EMBED_SWIFT_STANDARD_LIBRARIES = YES;
				BUNDLE_LOADER = "$(TEST_HOST)";
				CODE_SIGN_STYLE = Automatic;
				DEVELOPMENT_TEAM = 8T2R3GP4S9;
				INFOPLIST_FILE = QokkyForStoreTests/Info.plist;
				IPHONEOS_DEPLOYMENT_TARGET = 13.4;
				LD_RUNPATH_SEARCH_PATHS = (
					"$(inherited)",
					"@executable_path/Frameworks",
					"@loader_path/Frameworks",
				);
				PRODUCT_BUNDLE_IDENTIFIER = QokkyForStoreMedia.Com.QokkyForStoreTests;
				PRODUCT_NAME = "$(TARGET_NAME)";
				SWIFT_VERSION = 5.0;
				TARGETED_DEVICE_FAMILY = "1,2";
				TEST_HOST = "$(BUILT_PRODUCTS_DIR)/QokkyForStore.app/QokkyForStore";
			};
			name = Release;
		};
		443B428D249805940058EAB2 /* Debug */ = {
			isa = XCBuildConfiguration;
			buildSettings = {
				ALWAYS_EMBED_SWIFT_STANDARD_LIBRARIES = YES;
				CODE_SIGN_STYLE = Automatic;
				DEVELOPMENT_TEAM = 8T2R3GP4S9;
				INFOPLIST_FILE = QokkyForStoreUITests/Info.plist;
				LD_RUNPATH_SEARCH_PATHS = (
					"$(inherited)",
					"@executable_path/Frameworks",
					"@loader_path/Frameworks",
				);
				PRODUCT_BUNDLE_IDENTIFIER = QokkyForStoreMedia.Com.QokkyForStoreUITests;
				PRODUCT_NAME = "$(TARGET_NAME)";
				SWIFT_VERSION = 5.0;
				TARGETED_DEVICE_FAMILY = "1,2";
				TEST_TARGET_NAME = QokkyForStore;
			};
			name = Debug;
		};
		443B428E249805940058EAB2 /* Release */ = {
			isa = XCBuildConfiguration;
			buildSettings = {
				ALWAYS_EMBED_SWIFT_STANDARD_LIBRARIES = YES;
				CODE_SIGN_STYLE = Automatic;
				DEVELOPMENT_TEAM = 8T2R3GP4S9;
				INFOPLIST_FILE = QokkyForStoreUITests/Info.plist;
				LD_RUNPATH_SEARCH_PATHS = (
					"$(inherited)",
					"@executable_path/Frameworks",
					"@loader_path/Frameworks",
				);
				PRODUCT_BUNDLE_IDENTIFIER = QokkyForStoreMedia.Com.QokkyForStoreUITests;
				PRODUCT_NAME = "$(TARGET_NAME)";
				SWIFT_VERSION = 5.0;
				TARGETED_DEVICE_FAMILY = "1,2";
				TEST_TARGET_NAME = QokkyForStore;
			};
			name = Release;
		};
/* End XCBuildConfiguration section */

/* Begin XCConfigurationList section */
		443B42572498058A0058EAB2 /* Build configuration list for PBXProject "QokkyForStore" */ = {
			isa = XCConfigurationList;
			buildConfigurations = (
				443B4284249805940058EAB2 /* Debug */,
				443B4285249805940058EAB2 /* Release */,
			);
			defaultConfigurationIsVisible = 0;
			defaultConfigurationName = Release;
		};
		443B4286249805940058EAB2 /* Build configuration list for PBXNativeTarget "QokkyForStore" */ = {
			isa = XCConfigurationList;
			buildConfigurations = (
				443B4287249805940058EAB2 /* Debug */,
				443B4288249805940058EAB2 /* Release */,
			);
			defaultConfigurationIsVisible = 0;
			defaultConfigurationName = Release;
		};
		443B4289249805940058EAB2 /* Build configuration list for PBXNativeTarget "QokkyForStoreTests" */ = {
			isa = XCConfigurationList;
			buildConfigurations = (
				443B428A249805940058EAB2 /* Debug */,
				443B428B249805940058EAB2 /* Release */,
			);
			defaultConfigurationIsVisible = 0;
			defaultConfigurationName = Release;
		};
		443B428C249805940058EAB2 /* Build configuration list for PBXNativeTarget "QokkyForStoreUITests" */ = {
			isa = XCConfigurationList;
			buildConfigurations = (
				443B428D249805940058EAB2 /* Debug */,
				443B428E249805940058EAB2 /* Release */,
			);
			defaultConfigurationIsVisible = 0;
			defaultConfigurationName = Release;
		};
/* End XCConfigurationList section */
	};
	rootObject = 443B42542498058A0058EAB2 /* Project object */;
}
